Microsoft Visual Studio Solution File, Format Version 12.00
# Visual Studio Version 17
VisualStudioVersion = 17.5.2.0
MinimumVisualStudioVersion = 10.0.40219.1
Project("{FAE04EC0-301F-11D3-BF4B-00C04F79EFBC}") = "ImplementacionPseudoCodigo", "ImplementacionPseudoCodigo.csproj", "{DF627800-66BE-31D4-F136-5B9E37C09C30}"
EndProject
Global
	GlobalSection(SolutionConfigurationPlatforms) = preSolution
		Debug|Any CPU = Debug|Any CPU
		Release|Any CPU = Release|Any CPU
	EndGlobalSection
	GlobalSection(ProjectConfigurationPlatforms) = postSolution
		{DF627800-66BE-31D4-F136-5B9E37C09C30}.Debug|Any CPU.ActiveCfg = Debug|Any CPU
		{DF627800-66BE-31D4-F136-5B9E37C09C30}.Debug|Any CPU.Build.0 = Debug|Any CPU
		{DF627800-66BE-31D4-F136-5B9E37C09C30}.Release|Any CPU.ActiveCfg = Release|Any CPU
		{DF627800-66BE-31D4-F136-5B9E37C09C30}.Release|Any CPU.Build.0 = Release|Any CPU
	EndGlobalSection
	GlobalSection(SolutionProperties) = preSolution
		HideSolutionNode = FALSE
	EndGlobalSection
	GlobalSection(ExtensibilityGlobals) = postSolution
		SolutionGuid = {AEE0EE7E-B06C-4203-8F15-35D3ECE9112D}
	EndGlobalSection
EndGlobal
